
Microsoft Visual Studio Solution File, Format Version 12.00
# Visual Studio Version 17
VisualStudioVersion = 17.8.34525.116
MinimumVisualStudioVersion = 10.0.40219.1
Project("{FAE04EC0-301F-11D3-BF4B-00C04F79EFBC}") = "SQLLiteDb", "SQLLiteDb\SQLLiteDb.csproj", "{F648ECF8-901A-4964-925F-C34B199DE940}"
EndProject
Global
	GlobalSection(SolutionConfigurationPlatforms) = preSolution
		Debug|Any CPU = Debug|Any CPU
		Release|Any CPU = Release|Any CPU
	EndGlobalSection
	GlobalSection(ProjectConfigurationPlatforms) = postSolution
		{F648ECF8-901A-4964-925F-C34B199DE940}.Debug|Any CPU.ActiveCfg = Debug|Any CPU
		{F648ECF8-901A-4964-925F-C34B199DE940}.Debug|Any CPU.Build.0 = Debug|Any CPU
		{F648ECF8-901A-4964-925F-C34B199DE940}.Release|Any CPU.ActiveCfg = Release|Any CPU
		{F648ECF8-901A-4964-925F-C34B199DE940}.Release|Any CPU.Build.0 = Release|Any CPU
	EndGlobalSection
	GlobalSection(SolutionProperties) = preSolution
		HideSolutionNode = FALSE
	EndGlobalSection
	GlobalSection(ExtensibilityGlobals) = postSolution
		SolutionGuid = {C48C392F-3D4A-412E-869E-770604EFB6CB}
	EndGlobalSection
EndGlobal
